
Microsoft Visual Studio Solution File, Format Version 12.00
# Visual Studio 15
VisualStudioVersion = 15.0.28010.0
MinimumVisualStudioVersion = 10.0.40219.1
Project("{FAE04EC0-301F-11D3-BF4B-00C04F79EFBC}") = "seerver", "seerver\seerver.csproj", "{70EE3E1D-E71C-4175-B900-108C330EBC3D}"
EndProject
Global
	GlobalSection(SolutionConfigurationPlatforms) = preSolution
		Debug|Any CPU = Debug|Any CPU
		Release|Any CPU = Release|Any CPU
	EndGlobalSection
	GlobalSection(ProjectConfigurationPlatforms) = postSolution
		{70EE3E1D-E71C-4175-B900-108C330EBC3D}.Debug|Any CPU.ActiveCfg = Debug|Any CPU
		{70EE3E1D-E71C-4175-B900-108C330EBC3D}.Debug|Any CPU.Build.0 = Debug|Any CPU
		{70EE3E1D-E71C-4175-B900-108C330EBC3D}.Release|Any CPU.ActiveCfg = Release|Any CPU
		{70EE3E1D-E71C-4175-B900-108C330EBC3D}.Release|Any CPU.Build.0 = Release|Any CPU
	EndGlobalSection
	GlobalSection(SolutionProperties) = preSolution
		HideSolutionNode = FALSE
	EndGlobalSection
	GlobalSection(ExtensibilityGlobals) = postSolution
		SolutionGuid = {A037AEF6-11B5-478C-B53A-19A845258BB4}
	EndGlobalSection
EndGlobal
